
Microsoft Visual Studio Solution File, Format Version 12.00
# Visual Studio Version 16
VisualStudioVersion = 16.0.30804.86
MinimumVisualStudioVersion = 10.0.40219.1
Project("{FAE04EC0-301F-11D3-BF4B-00C04F79EFBC}") = "IntuneWin32Converter", "IntuneWin32Converter\IntuneWin32Converter.csproj", "{DE65C200-8ED7-40E8-85AB-B48F4809D39D}"
EndProject
Global
	GlobalSection(SolutionConfigurationPlatforms) = preSolution
		Debug|Any CPU = Debug|Any CPU
		Release|Any CPU = Release|Any CPU
	EndGlobalSection
	GlobalSection(ProjectConfigurationPlatforms) = postSolution
		{DE65C200-8ED7-40E8-85AB-B48F4809D39D}.Debug|Any CPU.ActiveCfg = Debug|Any CPU
		{DE65C200-8ED7-40E8-85AB-B48F4809D39D}.Debug|Any CPU.Build.0 = Debug|Any CPU
		{DE65C200-8ED7-40E8-85AB-B48F4809D39D}.Release|Any CPU.ActiveCfg = Release|Any CPU
		{DE65C200-8ED7-40E8-85AB-B48F4809D39D}.Release|Any CPU.Build.0 = Release|Any CPU
	EndGlobalSection
	GlobalSection(SolutionProperties) = preSolution
		HideSolutionNode = FALSE
	EndGlobalSection
	GlobalSection(ExtensibilityGlobals) = postSolution
		SolutionGuid = {6008A18E-5600-4815-9B2D-1D4F3CC9611C}
	EndGlobalSection
EndGlobal
